
Microsoft Visual Studio Solution File, Format Version 12.00
# Visual Studio Version 17
VisualStudioVersion = 17.14.36301.6 d17.14
MinimumVisualStudioVersion = 10.0.40219.1
Project("{FAE04EC0-301F-11D3-BF4B-00C04F79EFBC}") = "FormularioVigaPuntoFijoErrores", "FormularioVigaPuntoFijoErrores.csproj", "{45A0864C-0EE4-4D66-AA80-09C7CEF93A8F}"
EndProject
Global
	GlobalSection(SolutionConfigurationPlatforms) = preSolution
		Debug|Any CPU = Debug|Any CPU
		Release|Any CPU = Release|Any CPU
	EndGlobalSection
	GlobalSection(ProjectConfigurationPlatforms) = postSolution
		{45A0864C-0EE4-4D66-AA80-09C7CEF93A8F}.Debug|Any CPU.ActiveCfg = Debug|Any CPU
		{45A0864C-0EE4-4D66-AA80-09C7CEF93A8F}.Debug|Any CPU.Build.0 = Debug|Any CPU
		{45A0864C-0EE4-4D66-AA80-09C7CEF93A8F}.Release|Any CPU.ActiveCfg = Release|Any CPU
		{45A0864C-0EE4-4D66-AA80-09C7CEF93A8F}.Release|Any CPU.Build.0 = Release|Any CPU
	EndGlobalSection
	GlobalSection(SolutionProperties) = preSolution
		HideSolutionNode = FALSE
	EndGlobalSection
	GlobalSection(ExtensibilityGlobals) = postSolution
		SolutionGuid = {BA7D4C27-B9B0-4C61-A1CF-CA33B8DE96BD}
	EndGlobalSection
EndGlobal
